
Microsoft Visual Studio Solution File, Format Version 12.00
# Visual Studio 15
VisualStudioVersion = 15.0.28307.572
MinimumVisualStudioVersion = 10.0.40219.1
Project("{FAE04EC0-301F-11D3-BF4B-00C04F79EFBC}") = "myWindowsFormsApp1", "myWindowsFormsApp1\myWindowsFormsApp1.csproj", "{BEB5BCAC-5E50-4F97-B3DC-010E0315CF26}"
EndProject
Global
	GlobalSection(SolutionConfigurationPlatforms) = preSolution
		Debug|Any CPU = Debug|Any CPU
		Release|Any CPU = Release|Any CPU
	EndGlobalSection
	GlobalSection(ProjectConfigurationPlatforms) = postSolution
		{BEB5BCAC-5E50-4F97-B3DC-010E0315CF26}.Debug|Any CPU.ActiveCfg = Debug|Any CPU
		{BEB5BCAC-5E50-4F97-B3DC-010E0315CF26}.Debug|Any CPU.Build.0 = Debug|Any CPU
		{BEB5BCAC-5E50-4F97-B3DC-010E0315CF26}.Release|Any CPU.ActiveCfg = Release|Any CPU
		{BEB5BCAC-5E50-4F97-B3DC-010E0315CF26}.Release|Any CPU.Build.0 = Release|Any CPU
	EndGlobalSection
	GlobalSection(SolutionProperties) = preSolution
		HideSolutionNode = FALSE
	EndGlobalSection
	GlobalSection(ExtensibilityGlobals) = postSolution
		SolutionGuid = {0AFC20CF-F6C8-460D-AC3B-1D9338E8A1F2}
	EndGlobalSection
EndGlobal
